
Microsoft Visual Studio Solution File, Format Version 12.00
# Visual Studio Version 17
VisualStudioVersion = 17.1.32228.430
MinimumVisualStudioVersion = 10.0.40219.1
Project("{8BC9CEB8-8B4A-11D0-8D11-00A0C91BC942}") = "portfolio-smart-pointers-1", "portfolio-smart-pointers-1\portfolio-smart-pointers-1.vcxproj", "{E30508EE-7E0C-427B-9F48-F8E729C55B42}"
EndProject
Global
	GlobalSection(SolutionConfigurationPlatforms) = preSolution
		Debug|x64 = Debug|x64
		Debug|x86 = Debug|x86
		Release|x64 = Release|x64
		Release|x86 = Release|x86
	EndGlobalSection
	GlobalSection(ProjectConfigurationPlatforms) = postSolution
		{E30508EE-7E0C-427B-9F48-F8E729C55B42}.Debug|x64.ActiveCfg = Debug|x64
		{E30508EE-7E0C-427B-9F48-F8E729C55B42}.Debug|x64.Build.0 = Debug|x64
		{E30508EE-7E0C-427B-9F48-F8E729C55B42}.Debug|x86.ActiveCfg = Debug|Win32
		{E30508EE-7E0C-427B-9F48-F8E729C55B42}.Debug|x86.Build.0 = Debug|Win32
		{E30508EE-7E0C-427B-9F48-F8E729C55B42}.Release|x64.ActiveCfg = Release|x64
		{E30508EE-7E0C-427B-9F48-F8E729C55B42}.Release|x64.Build.0 = Release|x64
		{E30508EE-7E0C-427B-9F48-F8E729C55B42}.Release|x86.ActiveCfg = Release|Win32
		{E30508EE-7E0C-427B-9F48-F8E729C55B42}.Release|x86.Build.0 = Release|Win32
	EndGlobalSection
	GlobalSection(SolutionProperties) = preSolution
		HideSolutionNode = FALSE
	EndGlobalSection
	GlobalSection(ExtensibilityGlobals) = postSolution
		SolutionGuid = {8ABFB94E-3466-4E61-8281-927C15A4318F}
	EndGlobalSection
EndGlobal
